
Microsoft Visual Studio Solution File, Format Version 12.00
# Visual Studio 2013
VisualStudioVersion = 12.0.31101.0
MinimumVisualStudioVersion = 10.0.40219.1
Project("{FAE04EC0-301F-11D3-BF4B-00C04F79EFBC}") = "CodeInside.Hub.Web", "CodeInside.Hub.Web\CodeInside.Hub.Web.csproj", "{8DD605D9-0FBE-48FC-874A-773203E6FE51}"
EndProject
Project("{FAE04EC0-301F-11D3-BF4B-00C04F79EFBC}") = "CodeInside.Hub.Job", "CodeInside.Hub.Job\CodeInside.Hub.Job.csproj", "{00325FA3-70C5-435F-8013-15F05D1232A6}"
EndProject
Project("{FAE04EC0-301F-11D3-BF4B-00C04F79EFBC}") = "CodeInside.Hub.Domain", "CodeInside.Hub.Domain\CodeInside.Hub.Domain.csproj", "{A567288F-1A8E-4DB2-89EA-58B054DFA1F0}"
EndProject
Project("{2150E333-8FDC-42A3-9474-1A3956D46DE8}") = "Solution Items", "Solution Items", "{F0C304FE-DC5E-4B9A-8FE2-B7ECA20D76A1}"
	ProjectSection(SolutionItems) = preProject
		..\CrawlerConfig.json = ..\CrawlerConfig.json
	EndProjectSection
EndProject
Project("{2150E333-8FDC-42A3-9474-1A3956D46DE8}") = ".nuget", ".nuget", "{9C26059B-2E20-4EB1-A0BC-5ABFC8896634}"
	ProjectSection(SolutionItems) = preProject
		.nuget\packages.config = .nuget\packages.config
	EndProjectSection
EndProject
Global
	GlobalSection(SolutionConfigurationPlatforms) = preSolution
		Debug|Any CPU = Debug|Any CPU
		Release|Any CPU = Release|Any CPU
	EndGlobalSection
	GlobalSection(ProjectConfigurationPlatforms) = postSolution
		{8DD605D9-0FBE-48FC-874A-773203E6FE51}.Debug|Any CPU.ActiveCfg = Debug|Any CPU
		{8DD605D9-0FBE-48FC-874A-773203E6FE51}.Debug|Any CPU.Build.0 = Debug|Any CPU
		{8DD605D9-0FBE-48FC-874A-773203E6FE51}.Release|Any CPU.ActiveCfg = Release|Any CPU
		{8DD605D9-0FBE-48FC-874A-773203E6FE51}.Release|Any CPU.Build.0 = Release|Any CPU
		{00325FA3-70C5-435F-8013-15F05D1232A6}.Debug|Any CPU.ActiveCfg = Debug|Any CPU
		{00325FA3-70C5-435F-8013-15F05D1232A6}.Debug|Any CPU.Build.0 = Debug|Any CPU
		{00325FA3-70C5-435F-8013-15F05D1232A6}.Release|Any CPU.ActiveCfg = Release|Any CPU
		{00325FA3-70C5-435F-8013-15F05D1232A6}.Release|Any CPU.Build.0 = Release|Any CPU
		{A567288F-1A8E-4DB2-89EA-58B054DFA1F0}.Debug|Any CPU.ActiveCfg = Debug|Any CPU
		{A567288F-1A8E-4DB2-89EA-58B054DFA1F0}.Debug|Any CPU.Build.0 = Debug|Any CPU
		{A567288F-1A8E-4DB2-89EA-58B054DFA1F0}.Release|Any CPU.ActiveCfg = Release|Any CPU
		{A567288F-1A8E-4DB2-89EA-58B054DFA1F0}.Release|Any CPU.Build.0 = Release|Any CPU
	EndGlobalSection
	GlobalSection(SolutionProperties) = preSolution
		HideSolutionNode = FALSE
	EndGlobalSection
EndGlobal
